// !$*UTF8*$!
{
	archiveVersion = 1;
	classes = {
	};
	objectVersion = 77;
	objects = {

/* Begin PBXBuildFile section */
		15F06963CED9397C5F3EDA58 /* Assets.xcassets in Resources */ = {isa = PBXBuildFile; fileRef = 64431282F9352C2C644E1B15 /* Assets.xcassets */; };
		19BAB2C7BF2D5A1AA4E0EC9A /* ContentView.swift in Sources */ = {isa = PBXBuildFile; fileRef = F379290D984367035CE93C2C /* ContentView.swift */; };
		223998F2B7E8791BAD81898D /* CanonicalCSV.swift in Sources */ = {isa = PBXBuildFile; fileRef = 659EF57D0785F20FC7AF5368 /* CanonicalCSV.swift */; };
		3B5BDF05428FD42DD59F4B0B /* MacHTTPClient.swift in Sources */ = {isa = PBXBuildFile; fileRef = D8D557DD1E8D4F25B9D9C4E8 /* MacHTTPClient.swift */; };
		431B129F0F32164201CAE019 /* WatchWorkoutKeeper.swift in Sources */ = {isa = PBXBuildFile; fileRef = 045F3A7B5BCDEBCF071E33B6 /* WatchWorkoutKeeper.swift */; };
		4BC143E265AFE252A32C40AE /* SensorModels.swift in Sources */ = {isa = PBXBuildFile; fileRef = BD5B669691CC96798D8314F9 /* SensorModels.swift */; };
		4D7514A851D3A6085572B035 /* WatchContentView.swift in Sources */ = {isa = PBXBuildFile; fileRef = 8DE426DFA07C81D6649172FF /* WatchContentView.swift */; };
		4DB903AEBB1E792924C9C08D /* SwingStreamWatchApp.swift in Sources */ = {isa = PBXBuildFile; fileRef = 65A6262381CC5056A80879A7 /* SwingStreamWatchApp.swift */; };
		5CA2F8536DB77EE28CFB683A /* CanonicalCSV.swift in Sources */ = {isa = PBXBuildFile; fileRef = 659EF57D0785F20FC7AF5368 /* CanonicalCSV.swift */; };
		6220FEE371A9D67E409A8CB3 /* Assets.xcassets in Resources */ = {isa = PBXBuildFile; fileRef = D804EACC7C4C465B0D7444FE /* Assets.xcassets */; };
		7433CE380AD76ED01D7F5430 /* LabelVideoRecorder.swift in Sources */ = {isa = PBXBuildFile; fileRef = 3777AA5830A21B9F6B89620F /* LabelVideoRecorder.swift */; };
		87BD1BB2723C8461690D9894 /* WatchConnectivitySender.swift in Sources */ = {isa = PBXBuildFile; fileRef = BA539997026F7E9C2AD54874 /* WatchConnectivitySender.swift */; };
		9E7B36C4C8EC32ABCA1EBF21 /* SensorModels.swift in Sources */ = {isa = PBXBuildFile; fileRef = BD5B669691CC96798D8314F9 /* SensorModels.swift */; };
		A4AC7F405976BF02008773AD /* SwingStream Watch App.app in Embed Watch Content */ = {isa = PBXBuildFile; fileRef = 2A5E59053B353806737537E4 /* SwingStream Watch App.app */; settings = {ATTRIBUTES = (RemoveHeadersOnCopy, ); }; };
		B004EE145F397FEDEB9BFB94 /* PhoneWatchBridge.swift in Sources */ = {isa = PBXBuildFile; fileRef = 4164E9F9F5B6D1592536ECDB /* PhoneWatchBridge.swift */; };
		B8265977CD6FD4EB4EF0628A /* RecordingStore.swift in Sources */ = {isa = PBXBuildFile; fileRef = DE361B197FA988134E90FE96 /* RecordingStore.swift */; };
		BD0FA5AFCFF1D10E7A68EEEB /* WatchMotionSampler.swift in Sources */ = {isa = PBXBuildFile; fileRef = 410602146937B4D91CC43C3E /* WatchMotionSampler.swift */; };
		D788CE42CE3D9881D260DDB4 /* SwingStreamApp.swift in Sources */ = {isa = PBXBuildFile; fileRef = 2DAD55156759921DF612EA69 /* SwingStreamApp.swift */; };
		E559A805BE41D5599F0339FA /* WatchSessionController.swift in Sources */ = {isa = PBXBuildFile; fileRef = BA0EC65515A0AC869A1A8CEA /* WatchSessionController.swift */; };
		F59F09CD41DDB9CF84C2E287 /* WatchLocalRecorder.swift in Sources */ = {isa = PBXBuildFile; fileRef = 90D472045D2C4FF1F449B8AB /* WatchLocalRecorder.swift */; };
/* End PBXBuildFile section */

/* Begin PBXContainerItemProxy section */
		4899AF786138E49E7F5F522E /* PBXContainerItemProxy */ = {
			isa = PBXContainerItemProxy;
			containerPortal = 603117E00CD3F6893C3F5496 /* Project object */;
			proxyType = 1;
			remoteGlobalIDString = A0CF27712AE213A49F5918CB;
			remoteInfo = "SwingStream Watch App";
		};
/* End PBXContainerItemProxy section */

/* Begin PBXCopyFilesBuildPhase section */
		073538F088C41A91526453DC /* Embed Watch Content */ = {
			isa = PBXCopyFilesBuildPhase;
			buildActionMask = 2147483647;
			dstPath = "$(CONTENTS_FOLDER_PATH)/Watch";
			dstSubfolderSpec = 16;
			files = (
				A4AC7F405976BF02008773AD /* SwingStream Watch App.app in Embed Watch Content */,
			);
			name = "Embed Watch Content";
			runOnlyForDeploymentPostprocessing = 0;
		};
/* End PBXCopyFilesBuildPhase section */

/* Begin PBXFileReference section */
		045F3A7B5BCDEBCF071E33B6 /* WatchWorkoutKeeper.swift */ = {isa = PBXFileReference; lastKnownFileType = sourcecode.swift; path = WatchWorkoutKeeper.swift; sourceTree = "<group>"; };
		09E9F665EE769F0900069AC4 /* SwingStreamWatch.entitlements */ = {isa = PBXFileReference; lastKnownFileType = text.plist.entitlements; path = SwingStreamWatch.entitlements; sourceTree = "<group>"; };
		0DCC806F257736240B14D2D9 /* Info.plist */ = {isa = PBXFileReference; lastKnownFileType = text.plist; path = Info.plist; sourceTree = "<group>"; };
		2A5E59053B353806737537E4 /* SwingStream Watch App.app */ = {isa = PBXFileReference; explicitFileType = wrapper.application; includeInIndex = 0; path = "SwingStream Watch App.app"; sourceTree = BUILT_PRODUCTS_DIR; };
		2C617F437AC2DF1ADFF59832 /* Info.plist */ = {isa = PBXFileReference; lastKnownFileType = text.plist; path = Info.plist; sourceTree = "<group>"; };
		2DAD55156759921DF612EA69 /* SwingStreamApp.swift */ = {isa = PBXFileReference; lastKnownFileType = sourcecode.swift; path = SwingStreamApp.swift; sourceTree = "<group>"; };
		3777AA5830A21B9F6B89620F /* LabelVideoRecorder.swift */ = {isa = PBXFileReference; lastKnownFileType = sourcecode.swift; path = LabelVideoRecorder.swift; sourceTree = "<group>"; };
		410602146937B4D91CC43C3E /* WatchMotionSampler.swift */ = {isa = PBXFileReference; lastKnownFileType = sourcecode.swift; path = WatchMotionSampler.swift; sourceTree = "<group>"; };
		4164E9F9F5B6D1592536ECDB /* PhoneWatchBridge.swift */ = {isa = PBXFileReference; lastKnownFileType = sourcecode.swift; path = PhoneWatchBridge.swift; sourceTree = "<group>"; };
		64431282F9352C2C644E1B15 /* Assets.xcassets */ = {isa = PBXFileReference; lastKnownFileType = folder.assetcatalog; path = Assets.xcassets; sourceTree = "<group>"; };
		659EF57D0785F20FC7AF5368 /* CanonicalCSV.swift */ = {isa = PBXFileReference; lastKnownFileType = sourcecode.swift; path = CanonicalCSV.swift; sourceTree = "<group>"; };
		65A6262381CC5056A80879A7 /* SwingStreamWatchApp.swift */ = {isa = PBXFileReference; lastKnownFileType = sourcecode.swift; path = SwingStreamWatchApp.swift; sourceTree = "<group>"; };
		8DE426DFA07C81D6649172FF /* WatchContentView.swift */ = {isa = PBXFileReference; lastKnownFileType = sourcecode.swift; path = WatchContentView.swift; sourceTree = "<group>"; };
		90D472045D2C4FF1F449B8AB /* WatchLocalRecorder.swift */ = {isa = PBXFileReference; lastKnownFileType = sourcecode.swift; path = WatchLocalRecorder.swift; sourceTree = "<group>"; };
		90F0C94FF560EFA1F986BED6 /* SwingStream.app */ = {isa = PBXFileReference; includeInIndex = 0; lastKnownFileType = wrapper.application; path = SwingStream.app; sourceTree = BUILT_PRODUCTS_DIR; };
		BA0EC65515A0AC869A1A8CEA /* WatchSessionController.swift */ = {isa = PBXFileReference; lastKnownFileType = sourcecode.swift; path = WatchSessionController.swift; sourceTree = "<group>"; };
		BA539997026F7E9C2AD54874 /* WatchConnectivitySender.swift */ = {isa = PBXFileReference; lastKnownFileType = sourcecode.swift; path = WatchConnectivitySender.swift; sourceTree = "<group>"; };
		BD5B669691CC96798D8314F9 /* SensorModels.swift */ = {isa = PBXFileReference; lastKnownFileType = sourcecode.swift; path = SensorModels.swift; sourceTree = "<group>"; };
		D804EACC7C4C465B0D7444FE /* Assets.xcassets */ = {isa = PBXFileReference; lastKnownFileType = folder.assetcatalog; path = Assets.xcassets; sourceTree = "<group>"; };
		D8D557DD1E8D4F25B9D9C4E8 /* MacHTTPClient.swift */ = {isa = PBXFileReference; lastKnownFileType = sourcecode.swift; path = MacHTTPClient.swift; sourceTree = "<group>"; };
		DE361B197FA988134E90FE96 /* RecordingStore.swift */ = {isa = PBXFileReference; lastKnownFileType = sourcecode.swift; path = RecordingStore.swift; sourceTree = "<group>"; };
		F379290D984367035CE93C2C /* ContentView.swift */ = {isa = PBXFileReference; lastKnownFileType = sourcecode.swift; path = ContentView.swift; sourceTree = "<group>"; };
/* End PBXFileReference section */

/* Begin PBXGroup section */
		72EA0C80032800E13F165760 /* SwingStream */ = {
			isa = PBXGroup;
			children = (
				D804EACC7C4C465B0D7444FE /* Assets.xcassets */,
				F379290D984367035CE93C2C /* ContentView.swift */,
				0DCC806F257736240B14D2D9 /* Info.plist */,
				3777AA5830A21B9F6B89620F /* LabelVideoRecorder.swift */,
				D8D557DD1E8D4F25B9D9C4E8 /* MacHTTPClient.swift */,
				4164E9F9F5B6D1592536ECDB /* PhoneWatchBridge.swift */,
				DE361B197FA988134E90FE96 /* RecordingStore.swift */,
				2DAD55156759921DF612EA69 /* SwingStreamApp.swift */,
			);
			path = SwingStream;
			sourceTree = "<group>";
		};
		8AABEF405913D52A3D266019 /* Shared */ = {
			isa = PBXGroup;
			children = (
				659EF57D0785F20FC7AF5368 /* CanonicalCSV.swift */,
				BD5B669691CC96798D8314F9 /* SensorModels.swift */,
			);
			path = Shared;
			sourceTree = "<group>";
		};
		9B09B3B1A22A6225012D7F8D /* Products */ = {
			isa = PBXGroup;
			children = (
				2A5E59053B353806737537E4 /* SwingStream Watch App.app */,
				90F0C94FF560EFA1F986BED6 /* SwingStream.app */,
			);
			name = Products;
			sourceTree = "<group>";
		};
		B1C786DB433CE03ED56EDE8E /* SwingStream Watch App */ = {
			isa = PBXGroup;
			children = (
				64431282F9352C2C644E1B15 /* Assets.xcassets */,
				2C617F437AC2DF1ADFF59832 /* Info.plist */,
				09E9F665EE769F0900069AC4 /* SwingStreamWatch.entitlements */,
				65A6262381CC5056A80879A7 /* SwingStreamWatchApp.swift */,
				BA539997026F7E9C2AD54874 /* WatchConnectivitySender.swift */,
				8DE426DFA07C81D6649172FF /* WatchContentView.swift */,
				90D472045D2C4FF1F449B8AB /* WatchLocalRecorder.swift */,
				410602146937B4D91CC43C3E /* WatchMotionSampler.swift */,
				BA0EC65515A0AC869A1A8CEA /* WatchSessionController.swift */,
				045F3A7B5BCDEBCF071E33B6 /* WatchWorkoutKeeper.swift */,
			);
			path = "SwingStream Watch App";
			sourceTree = "<group>";
		};
		FFBDD58E258187F06015C0DE = {
			isa = PBXGroup;
			children = (
				8AABEF405913D52A3D266019 /* Shared */,
				72EA0C80032800E13F165760 /* SwingStream */,
				B1C786DB433CE03ED56EDE8E /* SwingStream Watch App */,
				9B09B3B1A22A6225012D7F8D /* Products */,
			);
			sourceTree = "<group>";
		};
/* End PBXGroup section */

/* Begin PBXNativeTarget section */
		A0CF27712AE213A49F5918CB /* SwingStream Watch App */ = {
			isa = PBXNativeTarget;
			buildConfigurationList = E428682BE2C84A9109043F22 /* Build configuration list for PBXNativeTarget "SwingStream Watch App" */;
			buildPhases = (
				0C1AB408022199C908AE5E1E /* Sources */,
				E7598788E0910BEA1CFF0479 /* Resources */,
			);
			buildRules = (
			);
			dependencies = (
			);
			name = "SwingStream Watch App";
			packageProductDependencies = (
			);
			productName = "SwingStream Watch App";
			productReference = 2A5E59053B353806737537E4 /* SwingStream Watch App.app */;
			productType = "com.apple.product-type.application";
		};
		DB95F0E6B97306CDBCDF6244 /* SwingStream */ = {
			isa = PBXNativeTarget;
			buildConfigurationList = FF62E3F3D8431DF0F8126B8D /* Build configuration list for PBXNativeTarget "SwingStream" */;
			buildPhases = (
				66434031C6850FC0E97B90CF /* Sources */,
				6B55FC17F428DCCFF9C85CBC /* Resources */,
				073538F088C41A91526453DC /* Embed Watch Content */,
			);
			buildRules = (
			);
			dependencies = (
				AE092E8382DD5B3AA2B6FE01 /* PBXTargetDependency */,
			);
			name = SwingStream;
			packageProductDependencies = (
			);
			productName = SwingStream;
			productReference = 90F0C94FF560EFA1F986BED6 /* SwingStream.app */;
			productType = "com.apple.product-type.application";
		};
/* End PBXNativeTarget section */

/* Begin PBXProject section */
		603117E00CD3F6893C3F5496 /* Project object */ = {
			isa = PBXProject;
			attributes = {
				BuildIndependentTargetsInParallel = YES;
				LastUpgradeCheck = 1430;
				TargetAttributes = {
					A0CF27712AE213A49F5918CB = {
						DevelopmentTeam = DEFYR9944A;
						ProvisioningStyle = Automatic;
					};
					DB95F0E6B97306CDBCDF6244 = {
						DevelopmentTeam = DEFYR9944A;
						ProvisioningStyle = Automatic;
					};
				};
			};
			buildConfigurationList = A3A2BE4A5748961E0C51221E /* Build configuration list for PBXProject "SwingStream" */;
			developmentRegion = en;
			hasScannedForEncodings = 0;
			knownRegions = (
				Base,
				en,
			);
			mainGroup = FFBDD58E258187F06015C0DE;
			minimizedProjectReferenceProxies = 1;
			preferredProjectObjectVersion = 77;
			productRefGroup = 9B09B3B1A22A6225012D7F8D /* Products */;
			projectDirPath = "";
			projectRoot = "";
			targets = (
				DB95F0E6B97306CDBCDF6244 /* SwingStream */,
				A0CF27712AE213A49F5918CB /* SwingStream Watch App */,
			);
		};
/* End PBXProject section */

/* Begin PBXResourcesBuildPhase section */
		6B55FC17F428DCCFF9C85CBC /* Resources */ = {
			isa = PBXResourcesBuildPhase;
			buildActionMask = 2147483647;
			files = (
				6220FEE371A9D67E409A8CB3 /* Assets.xcassets in Resources */,
			);
			runOnlyForDeploymentPostprocessing = 0;
		};
		E7598788E0910BEA1CFF0479 /* Resources */ = {
			isa = PBXResourcesBuildPhase;
			buildActionMask = 2147483647;
			files = (
				15F06963CED9397C5F3EDA58 /* Assets.xcassets in Resources */,
			);
			runOnlyForDeploymentPostprocessing = 0;
		};
/* End PBXResourcesBuildPhase section */

/* Begin PBXSourcesBuildPhase section */
		0C1AB408022199C908AE5E1E /* Sources */ = {
			isa = PBXSourcesBuildPhase;
			buildActionMask = 2147483647;
			files = (
				223998F2B7E8791BAD81898D /* CanonicalCSV.swift in Sources */,
				9E7B36C4C8EC32ABCA1EBF21 /* SensorModels.swift in Sources */,
				4DB903AEBB1E792924C9C08D /* SwingStreamWatchApp.swift in Sources */,
				87BD1BB2723C8461690D9894 /* WatchConnectivitySender.swift in Sources */,
				4D7514A851D3A6085572B035 /* WatchContentView.swift in Sources */,
				F59F09CD41DDB9CF84C2E287 /* WatchLocalRecorder.swift in Sources */,
				BD0FA5AFCFF1D10E7A68EEEB /* WatchMotionSampler.swift in Sources */,
				E559A805BE41D5599F0339FA /* WatchSessionController.swift in Sources */,
				431B129F0F32164201CAE019 /* WatchWorkoutKeeper.swift in Sources */,
			);
			runOnlyForDeploymentPostprocessing = 0;
		};
		66434031C6850FC0E97B90CF /* Sources */ = {
			isa = PBXSourcesBuildPhase;
			buildActionMask = 2147483647;
			files = (
				5CA2F8536DB77EE28CFB683A /* CanonicalCSV.swift in Sources */,
				19BAB2C7BF2D5A1AA4E0EC9A /* ContentView.swift in Sources */,
				7433CE380AD76ED01D7F5430 /* LabelVideoRecorder.swift in Sources */,
				3B5BDF05428FD42DD59F4B0B /* MacHTTPClient.swift in Sources */,
				B004EE145F397FEDEB9BFB94 /* PhoneWatchBridge.swift in Sources */,
				B8265977CD6FD4EB4EF0628A /* RecordingStore.swift in Sources */,
				4BC143E265AFE252A32C40AE /* SensorModels.swift in Sources */,
				D788CE42CE3D9881D260DDB4 /* SwingStreamApp.swift in Sources */,
			);
			runOnlyForDeploymentPostprocessing = 0;
		};
/* End PBXSourcesBuildPhase section */

/* Begin PBXTargetDependency section */
		AE092E8382DD5B3AA2B6FE01 /* PBXTargetDependency */ = {
			isa = PBXTargetDependency;
			target = A0CF27712AE213A49F5918CB /* SwingStream Watch App */;
			targetProxy = 4899AF786138E49E7F5F522E /* PBXContainerItemProxy */;
		};
/* End PBXTargetDependency section */

/* Begin XCBuildConfiguration section */
		1D03E35D11C46D98CFE592FE /* Release */ = {
			isa = XCBuildConfiguration;
			buildSettings = {
				ALWAYS_SEARCH_USER_PATHS = NO;
				CLANG_ANALYZER_NONNULL = YES;
				CLANG_ANALYZER_NUMBER_OBJECT_CONVERSION = YES_AGGRESSIVE;
				CLANG_CXX_LANGUAGE_STANDARD = "gnu++14";
				CLANG_CXX_LIBRARY = "libc++";
				CLANG_ENABLE_MODULES = YES;
				CLANG_ENABLE_OBJC_ARC = YES;
				CLANG_ENABLE_OBJC_WEAK = YES;
				CLANG_WARN_BLOCK_CAPTURE_AUTORELEASING = YES;
				CLANG_WARN_BOOL_CONVERSION = YES;
				CLANG_WARN_COMMA = YES;
				CLANG_WARN_CONSTANT_CONVERSION = YES;
				CLANG_WARN_DEPRECATED_OBJC_IMPLEMENTATIONS = YES;
				CLANG_WARN_DIRECT_OBJC_ISA_USAGE = YES_ERROR;
				CLANG_WARN_DOCUMENTATION_COMMENTS = YES;
				CLANG_WARN_EMPTY_BODY = YES;
				CLANG_WARN_ENUM_CONVERSION = YES;
				CLANG_WARN_INFINITE_RECURSION = YES;
				CLANG_WARN_INT_CONVERSION = YES;
				CLANG_WARN_NON_LITERAL_NULL_CONVERSION = YES;
				CLANG_WARN_OBJC_IMPLICIT_RETAIN_SELF = YES;
				CLANG_WARN_OBJC_LITERAL_CONVERSION = YES;
				CLANG_WARN_OBJC_ROOT_CLASS = YES_ERROR;
				CLANG_WARN_QUOTED_INCLUDE_IN_FRAMEWORK_HEADER = YES;
				CLANG_WARN_RANGE_LOOP_ANALYSIS = YES;
				CLANG_WARN_STRICT_PROTOTYPES = YES;
				CLANG_WARN_SUSPICIOUS_MOVE = YES;
				CLANG_WARN_UNGUARDED_AVAILABILITY = YES_AGGRESSIVE;
				CLANG_WARN_UNREACHABLE_CODE = YES;
				CLANG_WARN__DUPLICATE_METHOD_MATCH = YES;
				CODE_SIGN_STYLE = Automatic;
				COPY_PHASE_STRIP = NO;
				CURRENT_PROJECT_VERSION = 1;
				DEBUG_INFORMATION_FORMAT = "dwarf-with-dsym";
				DEVELOPMENT_TEAM = DEFYR9944A;
				ENABLE_NS_ASSERTIONS = NO;
				ENABLE_STRICT_OBJC_MSGSEND = YES;
				GCC_C_LANGUAGE_STANDARD = gnu11;
				GCC_NO_COMMON_BLOCKS = YES;
				GCC_WARN_64_TO_32_BIT_CONVERSION = YES;
				GCC_WARN_ABOUT_RETURN_TYPE = YES_ERROR;
				GCC_WARN_UNDECLARED_SELECTOR = YES;
				GCC_WARN_UNINITIALIZED_AUTOS = YES_AGGRESSIVE;
				GCC_WARN_UNUSED_FUNCTION = YES;
				GCC_WARN_UNUSED_VARIABLE = YES;
				IPHONEOS_DEPLOYMENT_TARGET = 17.0;
				MARKETING_VERSION = 1.0;
				MTL_ENABLE_DEBUG_INFO = NO;
				MTL_FAST_MATH = YES;
				PRODUCT_NAME = "$(TARGET_NAME)";
				SWIFT_COMPILATION_MODE = wholemodule;
				SWIFT_OPTIMIZATION_LEVEL = "-O";
				SWIFT_VERSION = 5.0;
				WATCHOS_DEPLOYMENT_TARGET = 10.0;
			};
			name = Release;
		};
		9AB33684993FA224143CB025 /* Release */ = {
			isa = XCBuildConfiguration;
			buildSettings = {
				ASSETCATALOG_COMPILER_APPICON_NAME = AppIcon;
				CODE_SIGN_IDENTITY = "iPhone Developer";
				INFOPLIST_FILE = SwingStream/Info.plist;
				INFOPLIST_KEY_UILaunchScreen_Generation = YES;
				LD_RUNPATH_SEARCH_PATHS = (
					"$(inherited)",
					"@executable_path/Frameworks",
				);
				PRODUCT_BUNDLE_IDENTIFIER = com.florianschneider.SwingStream;
				SDKROOT = iphoneos;
				TARGETED_DEVICE_FAMILY = 1;
			};
			name = Release;
		};
		ADF8A62F7581CFAB7EAA0606 /* Debug */ = {
			isa = XCBuildConfiguration;
			buildSettings = {
				ASSETCATALOG_COMPILER_APPICON_NAME = AppIcon;
				CODE_SIGN_IDENTITY = "iPhone Developer";
				INFOPLIST_FILE = SwingStream/Info.plist;
				INFOPLIST_KEY_UILaunchScreen_Generation = YES;
				LD_RUNPATH_SEARCH_PATHS = (
					"$(inherited)",
					"@executable_path/Frameworks",
				);
				PRODUCT_BUNDLE_IDENTIFIER = com.florianschneider.SwingStream;
				SDKROOT = iphoneos;
				TARGETED_DEVICE_FAMILY = 1;
			};
			name = Debug;
		};
		B08061C392F9CD7D354CB6C7 /* Release */ = {
			isa = XCBuildConfiguration;
			buildSettings = {
				ASSETCATALOG_COMPILER_APPICON_NAME = AppIcon;
				CODE_SIGN_ENTITLEMENTS = "SwingStream Watch App/SwingStreamWatch.entitlements";
				INFOPLIST_FILE = "SwingStream Watch App/Info.plist";
				PRODUCT_BUNDLE_IDENTIFIER = com.florianschneider.SwingStream.watchkitapp;
				SDKROOT = watchos;
				SKIP_INSTALL = YES;
				TARGETED_DEVICE_FAMILY = 4;
			};
			name = Release;
		};
		B7476E6EFE63899BD17F2A62 /* Debug */ = {
			isa = XCBuildConfiguration;
			buildSettings = {
				ALWAYS_SEARCH_USER_PATHS = NO;
				CLANG_ANALYZER_NONNULL = YES;
				CLANG_ANALYZER_NUMBER_OBJECT_CONVERSION = YES_AGGRESSIVE;
				CLANG_CXX_LANGUAGE_STANDARD = "gnu++14";
				CLANG_CXX_LIBRARY = "libc++";
				CLANG_ENABLE_MODULES = YES;
				CLANG_ENABLE_OBJC_ARC = YES;
				CLANG_ENABLE_OBJC_WEAK = YES;
				CLANG_WARN_BLOCK_CAPTURE_AUTORELEASING = YES;
				CLANG_WARN_BOOL_CONVERSION = YES;
				CLANG_WARN_COMMA = YES;
				CLANG_WARN_CONSTANT_CONVERSION = YES;
				CLANG_WARN_DEPRECATED_OBJC_IMPLEMENTATIONS = YES;
				CLANG_WARN_DIRECT_OBJC_ISA_USAGE = YES_ERROR;
				CLANG_WARN_DOCUMENTATION_COMMENTS = YES;
				CLANG_WARN_EMPTY_BODY = YES;
				CLANG_WARN_ENUM_CONVERSION = YES;
				CLANG_WARN_INFINITE_RECURSION = YES;
				CLANG_WARN_INT_CONVERSION = YES;
				CLANG_WARN_NON_LITERAL_NULL_CONVERSION = YES;
				CLANG_WARN_OBJC_IMPLICIT_RETAIN_SELF = YES;
				CLANG_WARN_OBJC_LITERAL_CONVERSION = YES;
				CLANG_WARN_OBJC_ROOT_CLASS = YES_ERROR;
				CLANG_WARN_QUOTED_INCLUDE_IN_FRAMEWORK_HEADER = YES;
				CLANG_WARN_RANGE_LOOP_ANALYSIS = YES;
				CLANG_WARN_STRICT_PROTOTYPES = YES;
				CLANG_WARN_SUSPICIOUS_MOVE = YES;
				CLANG_WARN_UNGUARDED_AVAILABILITY = YES_AGGRESSIVE;
				CLANG_WARN_UNREACHABLE_CODE = YES;
				CLANG_WARN__DUPLICATE_METHOD_MATCH = YES;
				CODE_SIGN_STYLE = Automatic;
				COPY_PHASE_STRIP = NO;
				CURRENT_PROJECT_VERSION = 1;
				DEBUG_INFORMATION_FORMAT = dwarf;
				DEVELOPMENT_TEAM = DEFYR9944A;
				ENABLE_STRICT_OBJC_MSGSEND = YES;
				ENABLE_TESTABILITY = YES;
				GCC_C_LANGUAGE_STANDARD = gnu11;
				GCC_DYNAMIC_NO_PIC = NO;
				GCC_NO_COMMON_BLOCKS = YES;
				GCC_OPTIMIZATION_LEVEL = 0;
				GCC_PREPROCESSOR_DEFINITIONS = (
					"$(inherited)",
					"DEBUG=1",
				);
				GCC_WARN_64_TO_32_BIT_CONVERSION = YES;
				GCC_WARN_ABOUT_RETURN_TYPE = YES_ERROR;
				GCC_WARN_UNDECLARED_SELECTOR = YES;
				GCC_WARN_UNINITIALIZED_AUTOS = YES_AGGRESSIVE;
				GCC_WARN_UNUSED_FUNCTION = YES;
				GCC_WARN_UNUSED_VARIABLE = YES;
				IPHONEOS_DEPLOYMENT_TARGET = 17.0;
				MARKETING_VERSION = 1.0;
				MTL_ENABLE_DEBUG_INFO = INCLUDE_SOURCE;
				MTL_FAST_MATH = YES;
				ONLY_ACTIVE_ARCH = YES;
				PRODUCT_NAME = "$(TARGET_NAME)";
				SWIFT_ACTIVE_COMPILATION_CONDITIONS = DEBUG;
				SWIFT_OPTIMIZATION_LEVEL = "-Onone";
				SWIFT_VERSION = 5.0;
				WATCHOS_DEPLOYMENT_TARGET = 10.0;
			};
			name = Debug;
		};
		D025569311377B4AA5AA8C98 /* Debug */ = {
			isa = XCBuildConfiguration;
			buildSettings = {
				ASSETCATALOG_COMPILER_APPICON_NAME = AppIcon;
				CODE_SIGN_ENTITLEMENTS = "SwingStream Watch App/SwingStreamWatch.entitlements";
				INFOPLIST_FILE = "SwingStream Watch App/Info.plist";
				PRODUCT_BUNDLE_IDENTIFIER = com.florianschneider.SwingStream.watchkitapp;
				SDKROOT = watchos;
				SKIP_INSTALL = YES;
				TARGETED_DEVICE_FAMILY = 4;
			};
			name = Debug;
		};
/* End XCBuildConfiguration section */

/* Begin XCConfigurationList section */
		A3A2BE4A5748961E0C51221E /* Build configuration list for PBXProject "SwingStream" */ = {
			isa = XCConfigurationList;
			buildConfigurations = (
				B7476E6EFE63899BD17F2A62 /* Debug */,
				1D03E35D11C46D98CFE592FE /* Release */,
			);
			defaultConfigurationIsVisible = 0;
			defaultConfigurationName = Debug;
		};
		E428682BE2C84A9109043F22 /* Build configuration list for PBXNativeTarget "SwingStream Watch App" */ = {
			isa = XCConfigurationList;
			buildConfigurations = (
				D025569311377B4AA5AA8C98 /* Debug */,
				B08061C392F9CD7D354CB6C7 /* Release */,
			);
			defaultConfigurationIsVisible = 0;
			defaultConfigurationName = Debug;
		};
		FF62E3F3D8431DF0F8126B8D /* Build configuration list for PBXNativeTarget "SwingStream" */ = {
			isa = XCConfigurationList;
			buildConfigurations = (
				ADF8A62F7581CFAB7EAA0606 /* Debug */,
				9AB33684993FA224143CB025 /* Release */,
			);
			defaultConfigurationIsVisible = 0;
			defaultConfigurationName = Debug;
		};
/* End XCConfigurationList section */
	};
	rootObject = 603117E00CD3F6893C3F5496 /* Project object */;
}
